# This file is automatically @generated by Cargo.
# It is not intended for manual editing.
version = 3

[[package]]
name = "libaes"
version = "0.6.1"
source = "registry+https://github.com/rust-lang/crates.io-index"
checksum = "418b4f9baffc036d77ba09a06a58dce71379fb8ea795bad33717eaa5aae1b406"

[[package]]
name = "ncrypt0r"
version = "0.1.0"
dependencies = [
 "libaes",
]
